
Microsoft Visual Studio Solution File, Format Version 12.00
# Visual Studio 15
VisualStudioVersion = 15.0.28307.705
MinimumVisualStudioVersion = 10.0.40219.1
Project("{FAE04EC0-301F-11D3-BF4B-00C04F79EFBC}") = "Assingment1FaithLoredoCelaya", "Assingment1FaithLoredoCelaya\Assingment1FaithLoredoCelaya.csproj", "{D82DFF06-FC7E-43F3-A115-081F83BB3B29}"
EndProject
Global
	GlobalSection(SolutionConfigurationPlatforms) = preSolution
		Debug|Any CPU = Debug|Any CPU
		Release|Any CPU = Release|Any CPU
	EndGlobalSection
	GlobalSection(ProjectConfigurationPlatforms) = postSolution
		{D82DFF06-FC7E-43F3-A115-081F83BB3B29}.Debug|Any CPU.ActiveCfg = Debug|Any CPU
		{D82DFF06-FC7E-43F3-A115-081F83BB3B29}.Debug|Any CPU.Build.0 = Debug|Any CPU
		{D82DFF06-FC7E-43F3-A115-081F83BB3B29}.Release|Any CPU.ActiveCfg = Release|Any CPU
		{D82DFF06-FC7E-43F3-A115-081F83BB3B29}.Release|Any CPU.Build.0 = Release|Any CPU
	EndGlobalSection
	GlobalSection(SolutionProperties) = preSolution
		HideSolutionNode = FALSE
	EndGlobalSection
	GlobalSection(ExtensibilityGlobals) = postSolution
		SolutionGuid = {A4439369-F97D-41E3-9CB6-778B2E097FC1}
	EndGlobalSection
EndGlobal
